// !$*UTF8*$!
{
	archiveVersion = 1;
	classes = {
	};
	objectVersion = 55;
	objects = {

/* Begin PBXBuildFile section */
		4D023EC0286C9E06009D19ED /* UserCell.swift in Sources */ = {isa = PBXBuildFile; fileRef = 4D023EBF286C9E06009D19ED /* UserCell.swift */; };
		4D023EC2286C9FD0009D19ED /* UIViewController + Extension.swift in Sources */ = {isa = PBXBuildFile; fileRef = 4D023EC1286C9FD0009D19ED /* UIViewController + Extension.swift */; };
		4D189C4F2860A2280076E840 /* LoginViewController.swift in Sources */ = {isa = PBXBuildFile; fileRef = 4D189C4E2860A2280076E840 /* LoginViewController.swift */; };
		4D18D810286B63470094270A /* users.json in Resources */ = {isa = PBXBuildFile; fileRef = 4D18D80F286B63470094270A /* users.json */; };
		4D18D813286B67D60094270A /* MUser.swift in Sources */ = {isa = PBXBuildFile; fileRef = 4D18D812286B67D60094270A /* MUser.swift */; };
		4D18D815286B67ED0094270A /* MChat.swift in Sources */ = {isa = PBXBuildFile; fileRef = 4D18D814286B67ED0094270A /* MChat.swift */; };
		4D3EF0B62872FD6A00EE70AD /* GoogleService-Info.plist in Resources */ = {isa = PBXBuildFile; fileRef = 4D3EF0B52872FD6A00EE70AD /* GoogleService-Info.plist */; };
		4D3EF0B9287307D300EE70AD /* FirebaseAnalytics in Frameworks */ = {isa = PBXBuildFile; productRef = 4D3EF0B8287307D300EE70AD /* FirebaseAnalytics */; };
		4D3EF0BB287307D300EE70AD /* FirebaseAuth in Frameworks */ = {isa = PBXBuildFile; productRef = 4D3EF0BA287307D300EE70AD /* FirebaseAuth */; };
		4D3EF0BD2873110C00EE70AD /* VCFactory.swift in Sources */ = {isa = PBXBuildFile; fileRef = 4D3EF0BC2873110C00EE70AD /* VCFactory.swift */; };
		4D3EF0C02873132B00EE70AD /* AuthService.swift in Sources */ = {isa = PBXBuildFile; fileRef = 4D3EF0BF2873132B00EE70AD /* AuthService.swift */; };
		4D3EF0C22873266C00EE70AD /* Validators.swift in Sources */ = {isa = PBXBuildFile; fileRef = 4D3EF0C12873266C00EE70AD /* Validators.swift */; };
		4D3EF0C428732A7900EE70AD /* AuthError.swift in Sources */ = {isa = PBXBuildFile; fileRef = 4D3EF0C328732A7900EE70AD /* AuthError.swift */; };
		4D5E9BB2285E265100A52A87 /* SignUpViewController.swift in Sources */ = {isa = PBXBuildFile; fileRef = 4D5E9BB1285E265100A52A87 /* SignUpViewController.swift */; };
		4D5E9BB4285E2AB200A52A87 /* OneLineTextField.swift in Sources */ = {isa = PBXBuildFile; fileRef = 4D5E9BB3285E2AB200A52A87 /* OneLineTextField.swift */; };
		4D82CC45286B0C18007DFC27 /* ActiveChatCell.swift in Sources */ = {isa = PBXBuildFile; fileRef = 4D82CC44286B0C18007DFC27 /* ActiveChatCell.swift */; };
		4D82CC47286B1D29007DFC27 /* GradientView.swift in Sources */ = {isa = PBXBuildFile; fileRef = 4D82CC46286B1D29007DFC27 /* GradientView.swift */; };
		4D82CC49286B3678007DFC27 /* WaitingChatCell.swift in Sources */ = {isa = PBXBuildFile; fileRef = 4D82CC48286B3678007DFC27 /* WaitingChatCell.swift */; };
		4D82CC4B286B37DE007DFC27 /* SelfConfiguringCell.swift in Sources */ = {isa = PBXBuildFile; fileRef = 4D82CC4A286B37DE007DFC27 /* SelfConfiguringCell.swift */; };
		4D82CC4E286B3AFC007DFC27 /* SectionHeader.swift in Sources */ = {isa = PBXBuildFile; fileRef = 4D82CC4D286B3AFC007DFC27 /* SectionHeader.swift */; };
		4DA26B0D28647A4D00BD5F02 /* SetupProfileViewController.swift in Sources */ = {isa = PBXBuildFile; fileRef = 4DA26B0C28647A4D00BD5F02 /* SetupProfileViewController.swift */; };
		4DA26B0F28647CB600BD5F02 /* AddPhotoView.swift in Sources */ = {isa = PBXBuildFile; fileRef = 4DA26B0E28647CB600BD5F02 /* AddPhotoView.swift */; };
		4DA26B1128649BD300BD5F02 /* UISegmentedControl + Extension.swift in Sources */ = {isa = PBXBuildFile; fileRef = 4DA26B1028649BD300BD5F02 /* UISegmentedControl + Extension.swift */; };
		4DA26B142864A48F00BD5F02 /* MainTabBarController.swift in Sources */ = {isa = PBXBuildFile; fileRef = 4DA26B132864A48F00BD5F02 /* MainTabBarController.swift */; };
		4DA26B172864A59A00BD5F02 /* PeopleViewController.swift in Sources */ = {isa = PBXBuildFile; fileRef = 4DA26B162864A59A00BD5F02 /* PeopleViewController.swift */; };
		4DA26B192864A5EA00BD5F02 /* ListViewController.swift in Sources */ = {isa = PBXBuildFile; fileRef = 4DA26B182864A5EA00BD5F02 /* ListViewController.swift */; };
		4DC511D1286DD9F7007E5BAC /* ProfileViewController.swift in Sources */ = {isa = PBXBuildFile; fileRef = 4DC511D0286DD9F7007E5BAC /* ProfileViewController.swift */; };
		4DC511D3286DF0F6007E5BAC /* InsetableTextField.swift in Sources */ = {isa = PBXBuildFile; fileRef = 4DC511D2286DF0F6007E5BAC /* InsetableTextField.swift */; };
		4DEAEBFA285CAD99005A6D96 /* AppDelegate.swift in Sources */ = {isa = PBXBuildFile; fileRef = 4DEAEBF9285CAD99005A6D96 /* AppDelegate.swift */; };
		4DEAEBFC285CAD99005A6D96 /* SceneDelegate.swift in Sources */ = {isa = PBXBuildFile; fileRef = 4DEAEBFB285CAD99005A6D96 /* SceneDelegate.swift */; };
		4DEAEBFE285CAD99005A6D96 /* AuthViewController.swift in Sources */ = {isa = PBXBuildFile; fileRef = 4DEAEBFD285CAD99005A6D96 /* AuthViewController.swift */; };
		4DEAEC03285CAD9B005A6D96 /* Assets.xcassets in Resources */ = {isa = PBXBuildFile; fileRef = 4DEAEC02285CAD9B005A6D96 /* Assets.xcassets */; };
		4DEAEC06285CAD9B005A6D96 /* LaunchScreen.storyboard in Resources */ = {isa = PBXBuildFile; fileRef = 4DEAEC04285CAD9B005A6D96 /* LaunchScreen.storyboard */; };
		4DEAEC11285CAD9B005A6D96 /* iChatTests.swift in Sources */ = {isa = PBXBuildFile; fileRef = 4DEAEC10285CAD9B005A6D96 /* iChatTests.swift */; };
		4DEAEC1B285CAD9B005A6D96 /* iChatUITests.swift in Sources */ = {isa = PBXBuildFile; fileRef = 4DEAEC1A285CAD9B005A6D96 /* iChatUITests.swift */; };
		4DEAEC1D285CAD9B005A6D96 /* iChatUITestsLaunchTests.swift in Sources */ = {isa = PBXBuildFile; fileRef = 4DEAEC1C285CAD9B005A6D96 /* iChatUITestsLaunchTests.swift */; };
		4DEAEC2A285CB711005A6D96 /* UIButton + Extension.swift in Sources */ = {isa = PBXBuildFile; fileRef = 4DEAEC29285CB711005A6D96 /* UIButton + Extension.swift */; };
		4DEAEC2C285CB960005A6D96 /* UIFont + Extension.swift in Sources */ = {isa = PBXBuildFile; fileRef = 4DEAEC2B285CB960005A6D96 /* UIFont + Extension.swift */; };
		4DEAEC2E285CBA5C005A6D96 /* UIColor + Extension.swift in Sources */ = {isa = PBXBuildFile; fileRef = 4DEAEC2D285CBA5C005A6D96 /* UIColor + Extension.swift */; };
		4DEAEC30285CBFDC005A6D96 /* UILabel + Extension.swift in Sources */ = {isa = PBXBuildFile; fileRef = 4DEAEC2F285CBFDC005A6D96 /* UILabel + Extension.swift */; };
		4DEAEC32285CC0BD005A6D96 /* UIImageView + Extension.swift in Sources */ = {isa = PBXBuildFile; fileRef = 4DEAEC31285CC0BD005A6D96 /* UIImageView + Extension.swift */; };
		4DEAEC36285CC5AC005A6D96 /* ButtonFormView.swift in Sources */ = {isa = PBXBuildFile; fileRef = 4DEAEC35285CC5AC005A6D96 /* ButtonFormView.swift */; };
		4DEAEC38285CD35B005A6D96 /* UIStackView + Extension.swift in Sources */ = {isa = PBXBuildFile; fileRef = 4DEAEC37285CD35B005A6D96 /* UIStackView + Extension.swift */; };
		4DEEC9B3286F000100A8967C /* UIView + Extension.swift in Sources */ = {isa = PBXBuildFile; fileRef = 4DEEC9B2286F000100A8967C /* UIView + Extension.swift */; };
		4DEEC9B5286F0CA500A8967C /* ChatRequestViewController.swift in Sources */ = {isa = PBXBuildFile; fileRef = 4DEEC9B4286F0CA500A8967C /* ChatRequestViewController.swift */; };
		4DF09D2B2865FDB400707255 /* Bundle-Decodable.swift in Sources */ = {isa = PBXBuildFile; fileRef = 4DF09D2A2865FDB400707255 /* Bundle-Decodable.swift */; };
		4DF09D2E28660BCE00707255 /* activeChats.json in Resources */ = {isa = PBXBuildFile; fileRef = 4DF09D2C28660BCE00707255 /* activeChats.json */; };
		4DF09D2F28660BCE00707255 /* waitingChats.json in Resources */ = {isa = PBXBuildFile; fileRef = 4DF09D2D28660BCE00707255 /* waitingChats.json */; };
		4DF9877F287EDBA300BA1953 /* AuthNavigationDelegate.swift in Sources */ = {isa = PBXBuildFile; fileRef = 4DF9877E287EDBA300BA1953 /* AuthNavigationDelegate.swift */; };
/* End PBXBuildFile section */

/* Begin PBXContainerItemProxy section */
		4DEAEC0D285CAD9B005A6D96 /* PBXContainerItemProxy */ = {
			isa = PBXContainerItemProxy;
			containerPortal = 4DEAEBEE285CAD99005A6D96 /* Project object */;
			proxyType = 1;
			remoteGlobalIDString = 4DEAEBF5285CAD99005A6D96;
			remoteInfo = iChat;
		};
		4DEAEC17285CAD9B005A6D96 /* PBXContainerItemProxy */ = {
			isa = PBXContainerItemProxy;
			containerPortal = 4DEAEBEE285CAD99005A6D96 /* Project object */;
			proxyType = 1;
			remoteGlobalIDString = 4DEAEBF5285CAD99005A6D96;
			remoteInfo = iChat;
		};
/* End PBXContainerItemProxy section */

/* Begin PBXFileReference section */
		4D023EBF286C9E06009D19ED /* UserCell.swift */ = {isa = PBXFileReference; lastKnownFileType = sourcecode.swift; path = UserCell.swift; sourceTree = "<group>"; };
		4D023EC1286C9FD0009D19ED /* UIViewController + Extension.swift */ = {isa = PBXFileReference; lastKnownFileType = sourcecode.swift; path = "UIViewController + Extension.swift"; sourceTree = "<group>"; };
		4D189C4E2860A2280076E840 /* LoginViewController.swift */ = {isa = PBXFileReference; lastKnownFileType = sourcecode.swift; path = LoginViewController.swift; sourceTree = "<group>"; };
		4D18D80F286B63470094270A /* users.json */ = {isa = PBXFileReference; fileEncoding = 4; lastKnownFileType = text.json; path = users.json; sourceTree = "<group>"; };
		4D18D812286B67D60094270A /* MUser.swift */ = {isa = PBXFileReference; lastKnownFileType = sourcecode.swift; path = MUser.swift; sourceTree = "<group>"; };
		4D18D814286B67ED0094270A /* MChat.swift */ = {isa = PBXFileReference; lastKnownFileType = sourcecode.swift; path = MChat.swift; sourceTree = "<group>"; };
		4D3EF0B52872FD6A00EE70AD /* GoogleService-Info.plist */ = {isa = PBXFileReference; fileEncoding = 4; lastKnownFileType = text.plist.xml; path = "GoogleService-Info.plist"; sourceTree = "<group>"; };
		4D3EF0BC2873110C00EE70AD /* VCFactory.swift */ = {isa = PBXFileReference; lastKnownFileType = sourcecode.swift; path = VCFactory.swift; sourceTree = "<group>"; };
		4D3EF0BF2873132B00EE70AD /* AuthService.swift */ = {isa = PBXFileReference; lastKnownFileType = sourcecode.swift; path = AuthService.swift; sourceTree = "<group>"; };
		4D3EF0C12873266C00EE70AD /* Validators.swift */ = {isa = PBXFileReference; lastKnownFileType = sourcecode.swift; path = Validators.swift; sourceTree = "<group>"; };
		4D3EF0C328732A7900EE70AD /* AuthError.swift */ = {isa = PBXFileReference; lastKnownFileType = sourcecode.swift; path = AuthError.swift; sourceTree = "<group>"; };
		4D5E9BB1285E265100A52A87 /* SignUpViewController.swift */ = {isa = PBXFileReference; lastKnownFileType = sourcecode.swift; path = SignUpViewController.swift; sourceTree = "<group>"; };
		4D5E9BB3285E2AB200A52A87 /* OneLineTextField.swift */ = {isa = PBXFileReference; lastKnownFileType = sourcecode.swift; path = OneLineTextField.swift; sourceTree = "<group>"; };
		4D82CC44286B0C18007DFC27 /* ActiveChatCell.swift */ = {isa = PBXFileReference; lastKnownFileType = sourcecode.swift; path = ActiveChatCell.swift; sourceTree = "<group>"; };
		4D82CC46286B1D29007DFC27 /* GradientView.swift */ = {isa = PBXFileReference; lastKnownFileType = sourcecode.swift; path = GradientView.swift; sourceTree = "<group>"; };
		4D82CC48286B3678007DFC27 /* WaitingChatCell.swift */ = {isa = PBXFileReference; lastKnownFileType = sourcecode.swift; path = WaitingChatCell.swift; sourceTree = "<group>"; };
		4D82CC4A286B37DE007DFC27 /* SelfConfiguringCell.swift */ = {isa = PBXFileReference; lastKnownFileType = sourcecode.swift; path = SelfConfiguringCell.swift; sourceTree = "<group>"; };
		4D82CC4D286B3AFC007DFC27 /* SectionHeader.swift */ = {isa = PBXFileReference; lastKnownFileType = sourcecode.swift; path = SectionHeader.swift; sourceTree = "<group>"; };
		4DA26B0C28647A4D00BD5F02 /* SetupProfileViewController.swift */ = {isa = PBXFileReference; lastKnownFileType = sourcecode.swift; path = SetupProfileViewController.swift; sourceTree = "<group>"; };
		4DA26B0E28647CB600BD5F02 /* AddPhotoView.swift */ = {isa = PBXFileReference; lastKnownFileType = sourcecode.swift; path = AddPhotoView.swift; sourceTree = "<group>"; };
		4DA26B1028649BD300BD5F02 /* UISegmentedControl + Extension.swift */ = {isa = PBXFileReference; lastKnownFileType = sourcecode.swift; path = "UISegmentedControl + Extension.swift"; sourceTree = "<group>"; };
		4DA26B132864A48F00BD5F02 /* MainTabBarController.swift */ = {isa = PBXFileReference; lastKnownFileType = sourcecode.swift; path = MainTabBarController.swift; sourceTree = "<group>"; };
		4DA26B162864A59A00BD5F02 /* PeopleViewController.swift */ = {isa = PBXFileReference; lastKnownFileType = sourcecode.swift; path = PeopleViewController.swift; sourceTree = "<group>"; };
		4DA26B182864A5EA00BD5F02 /* ListViewController.swift */ = {isa = PBXFileReference; lastKnownFileType = sourcecode.swift; path = ListViewController.swift; sourceTree = "<group>"; };
		4DC511D0286DD9F7007E5BAC /* ProfileViewController.swift */ = {isa = PBXFileReference; lastKnownFileType = sourcecode.swift; path = ProfileViewController.swift; sourceTree = "<group>"; };
		4DC511D2286DF0F6007E5BAC /* InsetableTextField.swift */ = {isa = PBXFileReference; lastKnownFileType = sourcecode.swift; path = InsetableTextField.swift; sourceTree = "<group>"; };
		4DEAEBF6285CAD99005A6D96 /* iChat.app */ = {isa = PBXFileReference; explicitFileType = wrapper.application; includeInIndex = 0; path = iChat.app; sourceTree = BUILT_PRODUCTS_DIR; };
		4DEAEBF9285CAD99005A6D96 /* AppDelegate.swift */ = {isa = PBXFileReference; lastKnownFileType = sourcecode.swift; path = AppDelegate.swift; sourceTree = "<group>"; };
		4DEAEBFB285CAD99005A6D96 /* SceneDelegate.swift */ = {isa = PBXFileReference; lastKnownFileType = sourcecode.swift; path = SceneDelegate.swift; sourceTree = "<group>"; };
		4DEAEBFD285CAD99005A6D96 /* AuthViewController.swift */ = {isa = PBXFileReference; lastKnownFileType = sourcecode.swift; path = AuthViewController.swift; sourceTree = "<group>"; };
		4DEAEC02285CAD9B005A6D96 /* Assets.xcassets */ = {isa = PBXFileReference; lastKnownFileType = folder.assetcatalog; path = Assets.xcassets; sourceTree = "<group>"; };
		4DEAEC05285CAD9B005A6D96 /* Base */ = {isa = PBXFileReference; lastKnownFileType = file.storyboard; name = Base; path = Base.lproj/LaunchScreen.storyboard; sourceTree = "<group>"; };
		4DEAEC07285CAD9B005A6D96 /* Info.plist */ = {isa = PBXFileReference; lastKnownFileType = text.plist.xml; path = Info.plist; sourceTree = "<group>"; };
		4DEAEC0C285CAD9B005A6D96 /* iChatTests.xctest */ = {isa = PBXFileReference; explicitFileType = wrapper.cfbundle; includeInIndex = 0; path = iChatTests.xctest; sourceTree = BUILT_PRODUCTS_DIR; };
		4DEAEC10285CAD9B005A6D96 /* iChatTests.swift */ = {isa = PBXFileReference; lastKnownFileType = sourcecode.swift; path = iChatTests.swift; sourceTree = "<group>"; };
		4DEAEC16285CAD9B005A6D96 /* iChatUITests.xctest */ = {isa = PBXFileReference; explicitFileType = wrapper.cfbundle; includeInIndex = 0; path = iChatUITests.xctest; sourceTree = BUILT_PRODUCTS_DIR; };
		4DEAEC1A285CAD9B005A6D96 /* iChatUITests.swift */ = {isa = PBXFileReference; lastKnownFileType = sourcecode.swift; path = iChatUITests.swift; sourceTree = "<group>"; };
		4DEAEC1C285CAD9B005A6D96 /* iChatUITestsLaunchTests.swift */ = {isa = PBXFileReference; lastKnownFileType = sourcecode.swift; path = iChatUITestsLaunchTests.swift; sourceTree = "<group>"; };
		4DEAEC29285CB711005A6D96 /* UIButton + Extension.swift */ = {isa = PBXFileReference; lastKnownFileType = sourcecode.swift; path = "UIButton + Extension.swift"; sourceTree = "<group>"; };
		4DEAEC2B285CB960005A6D96 /* UIFont + Extension.swift */ = {isa = PBXFileReference; lastKnownFileType = sourcecode.swift; path = "UIFont + Extension.swift"; sourceTree = "<group>"; };
		4DEAEC2D285CBA5C005A6D96 /* UIColor + Extension.swift */ = {isa = PBXFileReference; lastKnownFileType = sourcecode.swift; path = "UIColor + Extension.swift"; sourceTree = "<group>"; };
		4DEAEC2F285CBFDC005A6D96 /* UILabel + Extension.swift */ = {isa = PBXFileReference; lastKnownFileType = sourcecode.swift; path = "UILabel + Extension.swift"; sourceTree = "<group>"; };
		4DEAEC31285CC0BD005A6D96 /* UIImageView + Extension.swift */ = {isa = PBXFileReference; lastKnownFileType = sourcecode.swift; path = "UIImageView + Extension.swift"; sourceTree = "<group>"; };
		4DEAEC35285CC5AC005A6D96 /* ButtonFormView.swift */ = {isa = PBXFileReference; lastKnownFileType = sourcecode.swift; path = ButtonFormView.swift; sourceTree = "<group>"; };
		4DEAEC37285CD35B005A6D96 /* UIStackView + Extension.swift */ = {isa = PBXFileReference; lastKnownFileType = sourcecode.swift; path = "UIStackView + Extension.swift"; sourceTree = "<group>"; };
		4DEEC9B2286F000100A8967C /* UIView + Extension.swift */ = {isa = PBXFileReference; lastKnownFileType = sourcecode.swift; path = "UIView + Extension.swift"; sourceTree = "<group>"; };
		4DEEC9B4286F0CA500A8967C /* ChatRequestViewController.swift */ = {isa = PBXFileReference; lastKnownFileType = sourcecode.swift; path = ChatRequestViewController.swift; sourceTree = "<group>"; };
		4DF09D2A2865FDB400707255 /* Bundle-Decodable.swift */ = {isa = PBXFileReference; lastKnownFileType = sourcecode.swift; path = "Bundle-Decodable.swift"; sourceTree = "<group>"; };
		4DF09D2C28660BCE00707255 /* activeChats.json */ = {isa = PBXFileReference; fileEncoding = 4; lastKnownFileType = text.json; path = activeChats.json; sourceTree = "<group>"; };
		4DF09D2D28660BCE00707255 /* waitingChats.json */ = {isa = PBXFileReference; fileEncoding = 4; lastKnownFileType = text.json; path = waitingChats.json; sourceTree = "<group>"; };
		4DF9877E287EDBA300BA1953 /* AuthNavigationDelegate.swift */ = {isa = PBXFileReference; lastKnownFileType = sourcecode.swift; path = AuthNavigationDelegate.swift; sourceTree = "<group>"; };
/* End PBXFileReference section */

/* Begin PBXFrameworksBuildPhase section */
		4DEAEBF3285CAD99005A6D96 /* Frameworks */ = {
			isa = PBXFrameworksBuildPhase;
			buildActionMask = 2147483647;
			files = (
				4D3EF0B9287307D300EE70AD /* FirebaseAnalytics in Frameworks */,
				4D3EF0BB287307D300EE70AD /* FirebaseAuth in Frameworks */,
			);
			runOnlyForDeploymentPostprocessing = 0;
		};
		4DEAEC09285CAD9B005A6D96 /* Frameworks */ = {
			isa = PBXFrameworksBuildPhase;
			buildActionMask = 2147483647;
			files = (
			);
			runOnlyForDeploymentPostprocessing = 0;
		};
		4DEAEC13285CAD9B005A6D96 /* Frameworks */ = {
			isa = PBXFrameworksBuildPhase;
			buildActionMask = 2147483647;
			files = (
			);
			runOnlyForDeploymentPostprocessing = 0;
		};
/* End PBXFrameworksBuildPhase section */

/* Begin PBXGroup section */
		4D18D811286B67C50094270A /* Model */ = {
			isa = PBXGroup;
			children = (
				4D18D812286B67D60094270A /* MUser.swift */,
				4D18D814286B67ED0094270A /* MChat.swift */,
			);
			path = Model;
			sourceTree = "<group>";
		};
		4D3EF0BE287312F700EE70AD /* Services */ = {
			isa = PBXGroup;
			children = (
				4D18D811286B67C50094270A /* Model */,
				4D3EF0BF2873132B00EE70AD /* AuthService.swift */,
			);
			path = Services;
			sourceTree = "<group>";
		};
		4D3EF0C52873344000EE70AD /* Helpers */ = {
			isa = PBXGroup;
			children = (
				4D3EF0C328732A7900EE70AD /* AuthError.swift */,
				4D3EF0C12873266C00EE70AD /* Validators.swift */,
			);
			path = Helpers;
			sourceTree = "<group>";
		};
		4D82CC43286B0C03007DFC27 /* Cell */ = {
			isa = PBXGroup;
			children = (
				4D82CC44286B0C18007DFC27 /* ActiveChatCell.swift */,
				4D82CC48286B3678007DFC27 /* WaitingChatCell.swift */,
				4D023EBF286C9E06009D19ED /* UserCell.swift */,
			);
			path = Cell;
			sourceTree = "<group>";
		};
		4D82CC4C286B3818007DFC27 /* Protocols */ = {
			isa = PBXGroup;
			children = (
				4D82CC4A286B37DE007DFC27 /* SelfConfiguringCell.swift */,
				4DF9877E287EDBA300BA1953 /* AuthNavigationDelegate.swift */,
			);
			path = Protocols;
			sourceTree = "<group>";
		};
		4DA26B122864A40D00BD5F02 /* SignIn&Auth */ = {
			isa = PBXGroup;
			children = (
				4DEAEBFD285CAD99005A6D96 /* AuthViewController.swift */,
				4D5E9BB1285E265100A52A87 /* SignUpViewController.swift */,
				4D189C4E2860A2280076E840 /* LoginViewController.swift */,
				4DA26B0C28647A4D00BD5F02 /* SetupProfileViewController.swift */,
				4D3EF0BC2873110C00EE70AD /* VCFactory.swift */,
			);
			name = "SignIn&Auth";
			sourceTree = "<group>";
		};
		4DA26B152864A49900BD5F02 /* Controllers */ = {
			isa = PBXGroup;
			children = (
				4D82CC43286B0C03007DFC27 /* Cell */,
				4DA26B132864A48F00BD5F02 /* MainTabBarController.swift */,
				4DA26B162864A59A00BD5F02 /* PeopleViewController.swift */,
				4DA26B182864A5EA00BD5F02 /* ListViewController.swift */,
				4D82CC4D286B3AFC007DFC27 /* SectionHeader.swift */,
				4DC511D0286DD9F7007E5BAC /* ProfileViewController.swift */,
				4DEEC9B4286F0CA500A8967C /* ChatRequestViewController.swift */,
			);
			path = Controllers;
			sourceTree = "<group>";
		};
		4DEAEBED285CAD99005A6D96 = {
			isa = PBXGroup;
			children = (
				4DEAEBF8285CAD99005A6D96 /* iChat */,
				4DEAEC0F285CAD9B005A6D96 /* iChatTests */,
				4DEAEC19285CAD9B005A6D96 /* iChatUITests */,
				4DEAEBF7285CAD99005A6D96 /* Products */,
			);
			sourceTree = "<group>";
		};
		4DEAEBF7285CAD99005A6D96 /* Products */ = {
			isa = PBXGroup;
			children = (
				4DEAEBF6285CAD99005A6D96 /* iChat.app */,
				4DEAEC0C285CAD9B005A6D96 /* iChatTests.xctest */,
				4DEAEC16285CAD9B005A6D96 /* iChatUITests.xctest */,
			);
			name = Products;
			sourceTree = "<group>";
		};
		4DEAEBF8285CAD99005A6D96 /* iChat */ = {
			isa = PBXGroup;
			children = (
				4DEAEBF9285CAD99005A6D96 /* AppDelegate.swift */,
				4DEAEBFB285CAD99005A6D96 /* SceneDelegate.swift */,
				4D3EF0BE287312F700EE70AD /* Services */,
				4DA26B152864A49900BD5F02 /* Controllers */,
				4DA26B122864A40D00BD5F02 /* SignIn&Auth */,
				4D82CC4C286B3818007DFC27 /* Protocols */,
				4DEAEC34285CC403005A6D96 /* Extensions */,
				4D3EF0C52873344000EE70AD /* Helpers */,
				4DEAEC04285CAD9B005A6D96 /* LaunchScreen.storyboard */,
				4DF09D2C28660BCE00707255 /* activeChats.json */,
				4DF09D2D28660BCE00707255 /* waitingChats.json */,
				4D18D80F286B63470094270A /* users.json */,
				4DEAEC07285CAD9B005A6D96 /* Info.plist */,
				4D3EF0B52872FD6A00EE70AD /* GoogleService-Info.plist */,
				4DEAEC02285CAD9B005A6D96 /* Assets.xcassets */,
			);
			path = iChat;
			sourceTree = "<group>";
		};
		4DEAEC0F285CAD9B005A6D96 /* iChatTests */ = {
			isa = PBXGroup;
			children = (
				4DEAEC10285CAD9B005A6D96 /* iChatTests.swift */,
			);
			path = iChatTests;
			sourceTree = "<group>";
		};
		4DEAEC19285CAD9B005A6D96 /* iChatUITests */ = {
			isa = PBXGroup;
			children = (
				4DEAEC1A285CAD9B005A6D96 /* iChatUITests.swift */,
				4DEAEC1C285CAD9B005A6D96 /* iChatUITestsLaunchTests.swift */,
			);
			path = iChatUITests;
			sourceTree = "<group>";
		};
		4DEAEC33285CC3E5005A6D96 /* UIKit */ = {
			isa = PBXGroup;
			children = (
				4DEAEC31285CC0BD005A6D96 /* UIImageView + Extension.swift */,
				4DEAEC2F285CBFDC005A6D96 /* UILabel + Extension.swift */,
				4DEAEC2D285CBA5C005A6D96 /* UIColor + Extension.swift */,
				4DEAEC29285CB711005A6D96 /* UIButton + Extension.swift */,
				4DEAEC2B285CB960005A6D96 /* UIFont + Extension.swift */,
				4DEAEC37285CD35B005A6D96 /* UIStackView + Extension.swift */,
				4DA26B1028649BD300BD5F02 /* UISegmentedControl + Extension.swift */,
				4D023EC1286C9FD0009D19ED /* UIViewController + Extension.swift */,
				4DEEC9B2286F000100A8967C /* UIView + Extension.swift */,
			);
			path = UIKit;
			sourceTree = "<group>";
		};
		4DEAEC34285CC403005A6D96 /* Extensions */ = {
			isa = PBXGroup;
			children = (
				4DEAEC33285CC3E5005A6D96 /* UIKit */,
				4D5E9BB3285E2AB200A52A87 /* OneLineTextField.swift */,
				4DEAEC35285CC5AC005A6D96 /* ButtonFormView.swift */,
				4DA26B0E28647CB600BD5F02 /* AddPhotoView.swift */,
				4DF09D2A2865FDB400707255 /* Bundle-Decodable.swift */,
				4D82CC46286B1D29007DFC27 /* GradientView.swift */,
				4DC511D2286DF0F6007E5BAC /* InsetableTextField.swift */,
			);
			path = Extensions;
			sourceTree = "<group>";
		};
/* End PBXGroup section */

/* Begin PBXNativeTarget section */
		4DEAEBF5285CAD99005A6D96 /* iChat */ = {
			isa = PBXNativeTarget;
			buildConfigurationList = 4DEAEC20285CAD9C005A6D96 /* Build configuration list for PBXNativeTarget "iChat" */;
			buildPhases = (
				4DEAEBF2285CAD99005A6D96 /* Sources */,
				4DEAEBF3285CAD99005A6D96 /* Frameworks */,
				4DEAEBF4285CAD99005A6D96 /* Resources */,
			);
			buildRules = (
			);
			dependencies = (
			);
			name = iChat;
			packageProductDependencies = (
				4D3EF0B8287307D300EE70AD /* FirebaseAnalytics */,
				4D3EF0BA287307D300EE70AD /* FirebaseAuth */,
			);
			productName = iChat;
			productReference = 4DEAEBF6285CAD99005A6D96 /* iChat.app */;
			productType = "com.apple.product-type.application";
		};
		4DEAEC0B285CAD9B005A6D96 /* iChatTests */ = {
			isa = PBXNativeTarget;
			buildConfigurationList = 4DEAEC23285CAD9C005A6D96 /* Build configuration list for PBXNativeTarget "iChatTests" */;
			buildPhases = (
				4DEAEC08285CAD9B005A6D96 /* Sources */,
				4DEAEC09285CAD9B005A6D96 /* Frameworks */,
				4DEAEC0A285CAD9B005A6D96 /* Resources */,
			);
			buildRules = (
			);
			dependencies = (
				4DEAEC0E285CAD9B005A6D96 /* PBXTargetDependency */,
			);
			name = iChatTests;
			productName = iChatTests;
			productReference = 4DEAEC0C285CAD9B005A6D96 /* iChatTests.xctest */;
			productType = "com.apple.product-type.bundle.unit-test";
		};
		4DEAEC15285CAD9B005A6D96 /* iChatUITests */ = {
			isa = PBXNativeTarget;
			buildConfigurationList = 4DEAEC26285CAD9C005A6D96 /* Build configuration list for PBXNativeTarget "iChatUITests" */;
			buildPhases = (
				4DEAEC12285CAD9B005A6D96 /* Sources */,
				4DEAEC13285CAD9B005A6D96 /* Frameworks */,
				4DEAEC14285CAD9B005A6D96 /* Resources */,
			);
			buildRules = (
			);
			dependencies = (
				4DEAEC18285CAD9B005A6D96 /* PBXTargetDependency */,
			);
			name = iChatUITests;
			productName = iChatUITests;
			productReference = 4DEAEC16285CAD9B005A6D96 /* iChatUITests.xctest */;
			productType = "com.apple.product-type.bundle.ui-testing";
		};
/* End PBXNativeTarget section */

/* Begin PBXProject section */
		4DEAEBEE285CAD99005A6D96 /* Project object */ = {
			isa = PBXProject;
			attributes = {
				BuildIndependentTargetsInParallel = 1;
				LastSwiftUpdateCheck = 1330;
				LastUpgradeCheck = 1330;
				TargetAttributes = {
					4DEAEBF5285CAD99005A6D96 = {
						CreatedOnToolsVersion = 13.3;
					};
					4DEAEC0B285CAD9B005A6D96 = {
						CreatedOnToolsVersion = 13.3;
						TestTargetID = 4DEAEBF5285CAD99005A6D96;
					};
					4DEAEC15285CAD9B005A6D96 = {
						CreatedOnToolsVersion = 13.3;
						TestTargetID = 4DEAEBF5285CAD99005A6D96;
					};
				};
			};
			buildConfigurationList = 4DEAEBF1285CAD99005A6D96 /* Build configuration list for PBXProject "iChat" */;
			compatibilityVersion = "Xcode 13.0";
			developmentRegion = en;
			hasScannedForEncodings = 0;
			knownRegions = (
				en,
				Base,
			);
			mainGroup = 4DEAEBED285CAD99005A6D96;
			packageReferences = (
				4D3EF0B7287307D300EE70AD /* XCRemoteSwiftPackageReference "firebase-ios-sdk" */,
			);
			productRefGroup = 4DEAEBF7285CAD99005A6D96 /* Products */;
			projectDirPath = "";
			projectRoot = "";
			targets = (
				4DEAEBF5285CAD99005A6D96 /* iChat */,
				4DEAEC0B285CAD9B005A6D96 /* iChatTests */,
				4DEAEC15285CAD9B005A6D96 /* iChatUITests */,
			);
		};
/* End PBXProject section */

/* Begin PBXResourcesBuildPhase section */
		4DEAEBF4285CAD99005A6D96 /* Resources */ = {
			isa = PBXResourcesBuildPhase;
			buildActionMask = 2147483647;
			files = (
				4D18D810286B63470094270A /* users.json in Resources */,
				4DEAEC06285CAD9B005A6D96 /* LaunchScreen.storyboard in Resources */,
				4DF09D2E28660BCE00707255 /* activeChats.json in Resources */,
				4DEAEC03285CAD9B005A6D96 /* Assets.xcassets in Resources */,
				4DF09D2F28660BCE00707255 /* waitingChats.json in Resources */,
				4D3EF0B62872FD6A00EE70AD /* GoogleService-Info.plist in Resources */,
			);
			runOnlyForDeploymentPostprocessing = 0;
		};
		4DEAEC0A285CAD9B005A6D96 /* Resources */ = {
			isa = PBXResourcesBuildPhase;
			buildActionMask = 2147483647;
			files = (
			);
			runOnlyForDeploymentPostprocessing = 0;
		};
		4DEAEC14285CAD9B005A6D96 /* Resources */ = {
			isa = PBXResourcesBuildPhase;
			buildActionMask = 2147483647;
			files = (
			);
			runOnlyForDeploymentPostprocessing = 0;
		};
/* End PBXResourcesBuildPhase section */

/* Begin PBXSourcesBuildPhase section */
		4DEAEBF2285CAD99005A6D96 /* Sources */ = {
			isa = PBXSourcesBuildPhase;
			buildActionMask = 2147483647;
			files = (
				4D18D815286B67ED0094270A /* MChat.swift in Sources */,
				4D5E9BB4285E2AB200A52A87 /* OneLineTextField.swift in Sources */,
				4D5E9BB2285E265100A52A87 /* SignUpViewController.swift in Sources */,
				4D82CC4E286B3AFC007DFC27 /* SectionHeader.swift in Sources */,
				4D82CC47286B1D29007DFC27 /* GradientView.swift in Sources */,
				4DA26B1128649BD300BD5F02 /* UISegmentedControl + Extension.swift in Sources */,
				4DEAEC2C285CB960005A6D96 /* UIFont + Extension.swift in Sources */,
				4D18D813286B67D60094270A /* MUser.swift in Sources */,
				4D3EF0C22873266C00EE70AD /* Validators.swift in Sources */,
				4D82CC45286B0C18007DFC27 /* ActiveChatCell.swift in Sources */,
				4DEAEBFE285CAD99005A6D96 /* AuthViewController.swift in Sources */,
				4DA26B172864A59A00BD5F02 /* PeopleViewController.swift in Sources */,
				4DA26B0D28647A4D00BD5F02 /* SetupProfileViewController.swift in Sources */,
				4DC511D1286DD9F7007E5BAC /* ProfileViewController.swift in Sources */,
				4DF09D2B2865FDB400707255 /* Bundle-Decodable.swift in Sources */,
				4DEAEC30285CBFDC005A6D96 /* UILabel + Extension.swift in Sources */,
				4DEEC9B5286F0CA500A8967C /* ChatRequestViewController.swift in Sources */,
				4DA26B192864A5EA00BD5F02 /* ListViewController.swift in Sources */,
				4DEAEC36285CC5AC005A6D96 /* ButtonFormView.swift in Sources */,
				4DA26B0F28647CB600BD5F02 /* AddPhotoView.swift in Sources */,
				4DC511D3286DF0F6007E5BAC /* InsetableTextField.swift in Sources */,
				4DEAEBFA285CAD99005A6D96 /* AppDelegate.swift in Sources */,
				4DEEC9B3286F000100A8967C /* UIView + Extension.swift in Sources */,
				4DEAEC2E285CBA5C005A6D96 /* UIColor + Extension.swift in Sources */,
				4D3EF0BD2873110C00EE70AD /* VCFactory.swift in Sources */,
				4DEAEC32285CC0BD005A6D96 /* UIImageView + Extension.swift in Sources */,
				4D023EC0286C9E06009D19ED /* UserCell.swift in Sources */,
				4D023EC2286C9FD0009D19ED /* UIViewController + Extension.swift in Sources */,
				4D3EF0C02873132B00EE70AD /* AuthService.swift in Sources */,
				4D3EF0C428732A7900EE70AD /* AuthError.swift in Sources */,
				4D82CC4B286B37DE007DFC27 /* SelfConfiguringCell.swift in Sources */,
				4D82CC49286B3678007DFC27 /* WaitingChatCell.swift in Sources */,
				4DEAEC38285CD35B005A6D96 /* UIStackView + Extension.swift in Sources */,
				4DEAEBFC285CAD99005A6D96 /* SceneDelegate.swift in Sources */,
				4D189C4F2860A2280076E840 /* LoginViewController.swift in Sources */,
				4DF9877F287EDBA300BA1953 /* AuthNavigationDelegate.swift in Sources */,
				4DEAEC2A285CB711005A6D96 /* UIButton + Extension.swift in Sources */,
				4DA26B142864A48F00BD5F02 /* MainTabBarController.swift in Sources */,
			);
			runOnlyForDeploymentPostprocessing = 0;
		};
		4DEAEC08285CAD9B005A6D96 /* Sources */ = {
			isa = PBXSourcesBuildPhase;
			buildActionMask = 2147483647;
			files = (
				4DEAEC11285CAD9B005A6D96 /* iChatTests.swift in Sources */,
			);
			runOnlyForDeploymentPostprocessing = 0;
		};
		4DEAEC12285CAD9B005A6D96 /* Sources */ = {
			isa = PBXSourcesBuildPhase;
			buildActionMask = 2147483647;
			files = (
				4DEAEC1D285CAD9B005A6D96 /* iChatUITestsLaunchTests.swift in Sources */,
				4DEAEC1B285CAD9B005A6D96 /* iChatUITests.swift in Sources */,
			);
			runOnlyForDeploymentPostprocessing = 0;
		};
/* End PBXSourcesBuildPhase section */

/* Begin PBXTargetDependency section */
		4DEAEC0E285CAD9B005A6D96 /* PBXTargetDependency */ = {
			isa = PBXTargetDependency;
			target = 4DEAEBF5285CAD99005A6D96 /* iChat */;
			targetProxy = 4DEAEC0D285CAD9B005A6D96 /* PBXContainerItemProxy */;
		};
		4DEAEC18285CAD9B005A6D96 /* PBXTargetDependency */ = {
			isa = PBXTargetDependency;
			target = 4DEAEBF5285CAD99005A6D96 /* iChat */;
			targetProxy = 4DEAEC17285CAD9B005A6D96 /* PBXContainerItemProxy */;
		};
/* End PBXTargetDependency section */

/* Begin PBXVariantGroup section */
		4DEAEC04285CAD9B005A6D96 /* LaunchScreen.storyboard */ = {
			isa = PBXVariantGroup;
			children = (
				4DEAEC05285CAD9B005A6D96 /* Base */,
			);
			name = LaunchScreen.storyboard;
			sourceTree = "<group>";
		};
/* End PBXVariantGroup section */

/* Begin XCBuildConfiguration section */
		4DEAEC1E285CAD9B005A6D96 /* Debug */ = {
			isa = XCBuildConfiguration;
			buildSettings = {
				ALWAYS_SEARCH_USER_PATHS = NO;
				CLANG_ANALYZER_NONNULL = YES;
				CLANG_ANALYZER_NUMBER_OBJECT_CONVERSION = YES_AGGRESSIVE;
				CLANG_CXX_LANGUAGE_STANDARD = "gnu++17";
				CLANG_ENABLE_MODULES = YES;
				CLANG_ENABLE_OBJC_ARC = YES;
				CLANG_ENABLE_OBJC_WEAK = YES;
				CLANG_WARN_BLOCK_CAPTURE_AUTORELEASING = YES;
				CLANG_WARN_BOOL_CONVERSION = YES;
				CLANG_WARN_COMMA = YES;
				CLANG_WARN_CONSTANT_CONVERSION = YES;
				CLANG_WARN_DEPRECATED_OBJC_IMPLEMENTATIONS = YES;
				CLANG_WARN_DIRECT_OBJC_ISA_USAGE = YES_ERROR;
				CLANG_WARN_DOCUMENTATION_COMMENTS = YES;
				CLANG_WARN_EMPTY_BODY = YES;
				CLANG_WARN_ENUM_CONVERSION = YES;
				CLANG_WARN_INFINITE_RECURSION = YES;
				CLANG_WARN_INT_CONVERSION = YES;
				CLANG_WARN_NON_LITERAL_NULL_CONVERSION = YES;
				CLANG_WARN_OBJC_IMPLICIT_RETAIN_SELF = YES;
				CLANG_WARN_OBJC_LITERAL_CONVERSION = YES;
				CLANG_WARN_OBJC_ROOT_CLASS = YES_ERROR;
				CLANG_WARN_QUOTED_INCLUDE_IN_FRAMEWORK_HEADER = YES;
				CLANG_WARN_RANGE_LOOP_ANALYSIS = YES;
				CLANG_WARN_STRICT_PROTOTYPES = YES;
				CLANG_WARN_SUSPICIOUS_MOVE = YES;
				CLANG_WARN_UNGUARDED_AVAILABILITY = YES_AGGRESSIVE;
				CLANG_WARN_UNREACHABLE_CODE = YES;
				CLANG_WARN__DUPLICATE_METHOD_MATCH = YES;
				COPY_PHASE_STRIP = NO;
				DEBUG_INFORMATION_FORMAT = dwarf;
				ENABLE_STRICT_OBJC_MSGSEND = YES;
				ENABLE_TESTABILITY = YES;
				GCC_C_LANGUAGE_STANDARD = gnu11;
				GCC_DYNAMIC_NO_PIC = NO;
				GCC_NO_COMMON_BLOCKS = YES;
				GCC_OPTIMIZATION_LEVEL = 0;
				GCC_PREPROCESSOR_DEFINITIONS = (
					"DEBUG=1",
					"$(inherited)",
				);
				GCC_WARN_64_TO_32_BIT_CONVERSION = YES;
				GCC_WARN_ABOUT_RETURN_TYPE = YES_ERROR;
				GCC_WARN_UNDECLARED_SELECTOR = YES;
				GCC_WARN_UNINITIALIZED_AUTOS = YES_AGGRESSIVE;
				GCC_WARN_UNUSED_FUNCTION = YES;
				GCC_WARN_UNUSED_VARIABLE = YES;
				IPHONEOS_DEPLOYMENT_TARGET = 15.4;
				MTL_ENABLE_DEBUG_INFO = INCLUDE_SOURCE;
				MTL_FAST_MATH = YES;
				ONLY_ACTIVE_ARCH = YES;
				SDKROOT = iphoneos;
				SWIFT_ACTIVE_COMPILATION_CONDITIONS = DEBUG;
				SWIFT_OPTIMIZATION_LEVEL = "-Onone";
			};
			name = Debug;
		};
		4DEAEC1F285CAD9B005A6D96 /* Release */ = {
			isa = XCBuildConfiguration;
			buildSettings = {
				ALWAYS_SEARCH_USER_PATHS = NO;
				CLANG_ANALYZER_NONNULL = YES;
				CLANG_ANALYZER_NUMBER_OBJECT_CONVERSION = YES_AGGRESSIVE;
				CLANG_CXX_LANGUAGE_STANDARD = "gnu++17";
				CLANG_ENABLE_MODULES = YES;
				CLANG_ENABLE_OBJC_ARC = YES;
				CLANG_ENABLE_OBJC_WEAK = YES;
				CLANG_WARN_BLOCK_CAPTURE_AUTORELEASING = YES;
				CLANG_WARN_BOOL_CONVERSION = YES;
				CLANG_WARN_COMMA = YES;
				CLANG_WARN_CONSTANT_CONVERSION = YES;
				CLANG_WARN_DEPRECATED_OBJC_IMPLEMENTATIONS = YES;
				CLANG_WARN_DIRECT_OBJC_ISA_USAGE = YES_ERROR;
				CLANG_WARN_DOCUMENTATION_COMMENTS = YES;
				CLANG_WARN_EMPTY_BODY = YES;
				CLANG_WARN_ENUM_CONVERSION = YES;
				CLANG_WARN_INFINITE_RECURSION = YES;
				CLANG_WARN_INT_CONVERSION = YES;
				CLANG_WARN_NON_LITERAL_NULL_CONVERSION = YES;
				CLANG_WARN_OBJC_IMPLICIT_RETAIN_SELF = YES;
				CLANG_WARN_OBJC_LITERAL_CONVERSION = YES;
				CLANG_WARN_OBJC_ROOT_CLASS = YES_ERROR;
				CLANG_WARN_QUOTED_INCLUDE_IN_FRAMEWORK_HEADER = YES;
				CLANG_WARN_RANGE_LOOP_ANALYSIS = YES;
				CLANG_WARN_STRICT_PROTOTYPES = YES;
				CLANG_WARN_SUSPICIOUS_MOVE = YES;
				CLANG_WARN_UNGUARDED_AVAILABILITY = YES_AGGRESSIVE;
				CLANG_WARN_UNREACHABLE_CODE = YES;
				CLANG_WARN__DUPLICATE_METHOD_MATCH = YES;
				COPY_PHASE_STRIP = NO;
				DEBUG_INFORMATION_FORMAT = "dwarf-with-dsym";
				ENABLE_NS_ASSERTIONS = NO;
				ENABLE_STRICT_OBJC_MSGSEND = YES;
				GCC_C_LANGUAGE_STANDARD = gnu11;
				GCC_NO_COMMON_BLOCKS = YES;
				GCC_WARN_64_TO_32_BIT_CONVERSION = YES;
				GCC_WARN_ABOUT_RETURN_TYPE = YES_ERROR;
				GCC_WARN_UNDECLARED_SELECTOR = YES;
				GCC_WARN_UNINITIALIZED_AUTOS = YES_AGGRESSIVE;
				GCC_WARN_UNUSED_FUNCTION = YES;
				GCC_WARN_UNUSED_VARIABLE = YES;
				IPHONEOS_DEPLOYMENT_TARGET = 15.4;
				MTL_ENABLE_DEBUG_INFO = NO;
				MTL_FAST_MATH = YES;
				SDKROOT = iphoneos;
				SWIFT_COMPILATION_MODE = wholemodule;
				SWIFT_OPTIMIZATION_LEVEL = "-O";
				VALIDATE_PRODUCT = YES;
			};
			name = Release;
		};
		4DEAEC21285CAD9C005A6D96 /* Debug */ = {
			isa = XCBuildConfiguration;
			buildSettings = {
				ASSETCATALOG_COMPILER_APPICON_NAME = AppIcon;
				ASSETCATALOG_COMPILER_GLOBAL_ACCENT_COLOR_NAME = AccentColor;
				CODE_SIGN_STYLE = Automatic;
				CURRENT_PROJECT_VERSION = 1;
				DEVELOPMENT_TEAM = LPK43453JL;
				GENERATE_INFOPLIST_FILE = YES;
				INFOPLIST_FILE = iChat/Info.plist;
				INFOPLIST_KEY_UIApplicationSupportsIndirectInputEvents = YES;
				INFOPLIST_KEY_UILaunchStoryboardName = LaunchScreen;
				INFOPLIST_KEY_UISupportedInterfaceOrientations_iPad = "UIInterfaceOrientationPortrait UIInterfaceOrientationPortraitUpsideDown UIInterfaceOrientationLandscapeLeft UIInterfaceOrientationLandscapeRight";
				INFOPLIST_KEY_UISupportedInterfaceOrientations_iPhone = "UIInterfaceOrientationPortrait UIInterfaceOrientationLandscapeLeft UIInterfaceOrientationLandscapeRight";
				LD_RUNPATH_SEARCH_PATHS = (
					"$(inherited)",
					"@executable_path/Frameworks",
				);
				MARKETING_VERSION = 1.0;
				PRODUCT_BUNDLE_IDENTIFIER = ru.real.iChat;
				PRODUCT_NAME = "$(TARGET_NAME)";
				SWIFT_EMIT_LOC_STRINGS = YES;
				SWIFT_VERSION = 5.0;
				TARGETED_DEVICE_FAMILY = "1,2";
			};
			name = Debug;
		};
		4DEAEC22285CAD9C005A6D96 /* Release */ = {
			isa = XCBuildConfiguration;
			buildSettings = {
				ASSETCATALOG_COMPILER_APPICON_NAME = AppIcon;
				ASSETCATALOG_COMPILER_GLOBAL_ACCENT_COLOR_NAME = AccentColor;
				CODE_SIGN_STYLE = Automatic;
				CURRENT_PROJECT_VERSION = 1;
				DEVELOPMENT_TEAM = LPK43453JL;
				GENERATE_INFOPLIST_FILE = YES;
				INFOPLIST_FILE = iChat/Info.plist;
				INFOPLIST_KEY_UIApplicationSupportsIndirectInputEvents = YES;
				INFOPLIST_KEY_UILaunchStoryboardName = LaunchScreen;
				INFOPLIST_KEY_UISupportedInterfaceOrientations_iPad = "UIInterfaceOrientationPortrait UIInterfaceOrientationPortraitUpsideDown UIInterfaceOrientationLandscapeLeft UIInterfaceOrientationLandscapeRight";
				INFOPLIST_KEY_UISupportedInterfaceOrientations_iPhone = "UIInterfaceOrientationPortrait UIInterfaceOrientationLandscapeLeft UIInterfaceOrientationLandscapeRight";
				LD_RUNPATH_SEARCH_PATHS = (
					"$(inherited)",
					"@executable_path/Frameworks",
				);
				MARKETING_VERSION = 1.0;
				PRODUCT_BUNDLE_IDENTIFIER = ru.real.iChat;
				PRODUCT_NAME = "$(TARGET_NAME)";
				SWIFT_EMIT_LOC_STRINGS = YES;
				SWIFT_VERSION = 5.0;
				TARGETED_DEVICE_FAMILY = "1,2";
			};
			name = Release;
		};
		4DEAEC24285CAD9C005A6D96 /* Debug */ = {
			isa = XCBuildConfiguration;
			buildSettings = {
				ALWAYS_EMBED_SWIFT_STANDARD_LIBRARIES = YES;
				BUNDLE_LOADER = "$(TEST_HOST)";
				CODE_SIGN_STYLE = Automatic;
				CURRENT_PROJECT_VERSION = 1;
				DEVELOPMENT_TEAM = LPK43453JL;
				GENERATE_INFOPLIST_FILE = YES;
				IPHONEOS_DEPLOYMENT_TARGET = 15.4;
				MARKETING_VERSION = 1.0;
				PRODUCT_BUNDLE_IDENTIFIER = ru.real.iChatTests;
				PRODUCT_NAME = "$(TARGET_NAME)";
				SWIFT_EMIT_LOC_STRINGS = NO;
				SWIFT_VERSION = 5.0;
				TARGETED_DEVICE_FAMILY = "1,2";
				TEST_HOST = "$(BUILT_PRODUCTS_DIR)/iChat.app/iChat";
			};
			name = Debug;
		};
		4DEAEC25285CAD9C005A6D96 /* Release */ = {
			isa = XCBuildConfiguration;
			buildSettings = {
				ALWAYS_EMBED_SWIFT_STANDARD_LIBRARIES = YES;
				BUNDLE_LOADER = "$(TEST_HOST)";
				CODE_SIGN_STYLE = Automatic;
				CURRENT_PROJECT_VERSION = 1;
				DEVELOPMENT_TEAM = LPK43453JL;
				GENERATE_INFOPLIST_FILE = YES;
				IPHONEOS_DEPLOYMENT_TARGET = 15.4;
				MARKETING_VERSION = 1.0;
				PRODUCT_BUNDLE_IDENTIFIER = ru.real.iChatTests;
				PRODUCT_NAME = "$(TARGET_NAME)";
				SWIFT_EMIT_LOC_STRINGS = NO;
				SWIFT_VERSION = 5.0;
				TARGETED_DEVICE_FAMILY = "1,2";
				TEST_HOST = "$(BUILT_PRODUCTS_DIR)/iChat.app/iChat";
			};
			name = Release;
		};
		4DEAEC27285CAD9C005A6D96 /* Debug */ = {
			isa = XCBuildConfiguration;
			buildSettings = {
				ALWAYS_EMBED_SWIFT_STANDARD_LIBRARIES = YES;
				CODE_SIGN_STYLE = Automatic;
				CURRENT_PROJECT_VERSION = 1;
				DEVELOPMENT_TEAM = LPK43453JL;
				GENERATE_INFOPLIST_FILE = YES;
				MARKETING_VERSION = 1.0;
				PRODUCT_BUNDLE_IDENTIFIER = ru.real.iChatUITests;
				PRODUCT_NAME = "$(TARGET_NAME)";
				SWIFT_EMIT_LOC_STRINGS = NO;
				SWIFT_VERSION = 5.0;
				TARGETED_DEVICE_FAMILY = "1,2";
				TEST_TARGET_NAME = iChat;
			};
			name = Debug;
		};
		4DEAEC28285CAD9C005A6D96 /* Release */ = {
			isa = XCBuildConfiguration;
			buildSettings = {
				ALWAYS_EMBED_SWIFT_STANDARD_LIBRARIES = YES;
				CODE_SIGN_STYLE = Automatic;
				CURRENT_PROJECT_VERSION = 1;
				DEVELOPMENT_TEAM = LPK43453JL;
				GENERATE_INFOPLIST_FILE = YES;
				MARKETING_VERSION = 1.0;
				PRODUCT_BUNDLE_IDENTIFIER = ru.real.iChatUITests;
				PRODUCT_NAME = "$(TARGET_NAME)";
				SWIFT_EMIT_LOC_STRINGS = NO;
				SWIFT_VERSION = 5.0;
				TARGETED_DEVICE_FAMILY = "1,2";
				TEST_TARGET_NAME = iChat;
			};
			name = Release;
		};
/* End XCBuildConfiguration section */

/* Begin XCConfigurationList section */
		4DEAEBF1285CAD99005A6D96 /* Build configuration list for PBXProject "iChat" */ = {
			isa = XCConfigurationList;
			buildConfigurations = (
				4DEAEC1E285CAD9B005A6D96 /* Debug */,
				4DEAEC1F285CAD9B005A6D96 /* Release */,
			);
			defaultConfigurationIsVisible = 0;
			defaultConfigurationName = Release;
		};
		4DEAEC20285CAD9C005A6D96 /* Build configuration list for PBXNativeTarget "iChat" */ = {
			isa = XCConfigurationList;
			buildConfigurations = (
				4DEAEC21285CAD9C005A6D96 /* Debug */,
				4DEAEC22285CAD9C005A6D96 /* Release */,
			);
			defaultConfigurationIsVisible = 0;
			defaultConfigurationName = Release;
		};
		4DEAEC23285CAD9C005A6D96 /* Build configuration list for PBXNativeTarget "iChatTests" */ = {
			isa = XCConfigurationList;
			buildConfigurations = (
				4DEAEC24285CAD9C005A6D96 /* Debug */,
				4DEAEC25285CAD9C005A6D96 /* Release */,
			);
			defaultConfigurationIsVisible = 0;
			defaultConfigurationName = Release;
		};
		4DEAEC26285CAD9C005A6D96 /* Build configuration list for PBXNativeTarget "iChatUITests" */ = {
			isa = XCConfigurationList;
			buildConfigurations = (
				4DEAEC27285CAD9C005A6D96 /* Debug */,
				4DEAEC28285CAD9C005A6D96 /* Release */,
			);
			defaultConfigurationIsVisible = 0;
			defaultConfigurationName = Release;
		};
/* End XCConfigurationList section */

/* Begin XCRemoteSwiftPackageReference section */
		4D3EF0B7287307D300EE70AD /* XCRemoteSwiftPackageReference "firebase-ios-sdk" */ = {
			isa = XCRemoteSwiftPackageReference;
			repositoryURL = "https://github.com/firebase/firebase-ios-sdk";
			requirement = {
				kind = upToNextMinorVersion;
				minimumVersion = 9.2.0;
			};
		};
/* End XCRemoteSwiftPackageReference section */

/* Begin XCSwiftPackageProductDependency section */
		4D3EF0B8287307D300EE70AD /* FirebaseAnalytics */ = {
			isa = XCSwiftPackageProductDependency;
			package = 4D3EF0B7287307D300EE70AD /* XCRemoteSwiftPackageReference "firebase-ios-sdk" */;
			productName = FirebaseAnalytics;
		};
		4D3EF0BA287307D300EE70AD /* FirebaseAuth */ = {
			isa = XCSwiftPackageProductDependency;
			package = 4D3EF0B7287307D300EE70AD /* XCRemoteSwiftPackageReference "firebase-ios-sdk" */;
			productName = FirebaseAuth;
		};
/* End XCSwiftPackageProductDependency section */
	};
	rootObject = 4DEAEBEE285CAD99005A6D96 /* Project object */;
}
