// !$*UTF8*$!
{
	archiveVersion = 1;
	classes = {
	};
	objectVersion = 55;
	objects = {

/* Begin PBXBuildFile section */
		4DEAEBFA285CAD99005A6D96 /* AppDelegate.swift in Sources */ = {isa = PBXBuildFile; fileRef = 4DEAEBF9285CAD99005A6D96 /* AppDelegate.swift */; };
		4DEAEBFC285CAD99005A6D96 /* SceneDelegate.swift in Sources */ = {isa = PBXBuildFile; fileRef = 4DEAEBFB285CAD99005A6D96 /* SceneDelegate.swift */; };
		4DEAEBFE285CAD99005A6D96 /* ViewController.swift in Sources */ = {isa = PBXBuildFile; fileRef = 4DEAEBFD285CAD99005A6D96 /* ViewController.swift */; };
		4DEAEC01285CAD99005A6D96 /* Main.storyboard in Resources */ = {isa = PBXBuildFile; fileRef = 4DEAEBFF285CAD99005A6D96 /* Main.storyboard */; };
		4DEAEC03285CAD9B005A6D96 /* Assets.xcassets in Resources */ = {isa = PBXBuildFile; fileRef = 4DEAEC02285CAD9B005A6D96 /* Assets.xcassets */; };
		4DEAEC06285CAD9B005A6D96 /* LaunchScreen.storyboard in Resources */ = {isa = PBXBuildFile; fileRef = 4DEAEC04285CAD9B005A6D96 /* LaunchScreen.storyboard */; };
		4DEAEC11285CAD9B005A6D96 /* iChatTests.swift in Sources */ = {isa = PBXBuildFile; fileRef = 4DEAEC10285CAD9B005A6D96 /* iChatTests.swift */; };
		4DEAEC1B285CAD9B005A6D96 /* iChatUITests.swift in Sources */ = {isa = PBXBuildFile; fileRef = 4DEAEC1A285CAD9B005A6D96 /* iChatUITests.swift */; };
		4DEAEC1D285CAD9B005A6D96 /* iChatUITestsLaunchTests.swift in Sources */ = {isa = PBXBuildFile; fileRef = 4DEAEC1C285CAD9B005A6D96 /* iChatUITestsLaunchTests.swift */; };
/* End PBXBuildFile section */

/* Begin PBXContainerItemProxy section */
		4DEAEC0D285CAD9B005A6D96 /* PBXContainerItemProxy */ = {
			isa = PBXContainerItemProxy;
			containerPortal = 4DEAEBEE285CAD99005A6D96 /* Project object */;
			proxyType = 1;
			remoteGlobalIDString = 4DEAEBF5285CAD99005A6D96;
			remoteInfo = iChat;
		};
		4DEAEC17285CAD9B005A6D96 /* PBXContainerItemProxy */ = {
			isa = PBXContainerItemProxy;
			containerPortal = 4DEAEBEE285CAD99005A6D96 /* Project object */;
			proxyType = 1;
			remoteGlobalIDString = 4DEAEBF5285CAD99005A6D96;
			remoteInfo = iChat;
		};
/* End PBXContainerItemProxy section */

/* Begin PBXFileReference section */
		4DEAEBF6285CAD99005A6D96 /* iChat.app */ = {isa = PBXFileReference; explicitFileType = wrapper.application; includeInIndex = 0; path = iChat.app; sourceTree = BUILT_PRODUCTS_DIR; };
		4DEAEBF9285CAD99005A6D96 /* AppDelegate.swift */ = {isa = PBXFileReference; lastKnownFileType = sourcecode.swift; path = AppDelegate.swift; sourceTree = "<group>"; };
		4DEAEBFB285CAD99005A6D96 /* SceneDelegate.swift */ = {isa = PBXFileReference; lastKnownFileType = sourcecode.swift; path = SceneDelegate.swift; sourceTree = "<group>"; };
		4DEAEBFD285CAD99005A6D96 /* ViewController.swift */ = {isa = PBXFileReference; lastKnownFileType = sourcecode.swift; path = ViewController.swift; sourceTree = "<group>"; };
		4DEAEC00285CAD99005A6D96 /* Base */ = {isa = PBXFileReference; lastKnownFileType = file.storyboard; name = Base; path = Base.lproj/Main.storyboard; sourceTree = "<group>"; };
		4DEAEC02285CAD9B005A6D96 /* Assets.xcassets */ = {isa = PBXFileReference; lastKnownFileType = folder.assetcatalog; path = Assets.xcassets; sourceTree = "<group>"; };
		4DEAEC05285CAD9B005A6D96 /* Base */ = {isa = PBXFileReference; lastKnownFileType = file.storyboard; name = Base; path = Base.lproj/LaunchScreen.storyboard; sourceTree = "<group>"; };
		4DEAEC07285CAD9B005A6D96 /* Info.plist */ = {isa = PBXFileReference; lastKnownFileType = text.plist.xml; path = Info.plist; sourceTree = "<group>"; };
		4DEAEC0C285CAD9B005A6D96 /* iChatTests.xctest */ = {isa = PBXFileReference; explicitFileType = wrapper.cfbundle; includeInIndex = 0; path = iChatTests.xctest; sourceTree = BUILT_PRODUCTS_DIR; };
		4DEAEC10285CAD9B005A6D96 /* iChatTests.swift */ = {isa = PBXFileReference; lastKnownFileType = sourcecode.swift; path = iChatTests.swift; sourceTree = "<group>"; };
		4DEAEC16285CAD9B005A6D96 /* iChatUITests.xctest */ = {isa = PBXFileReference; explicitFileType = wrapper.cfbundle; includeInIndex = 0; path = iChatUITests.xctest; sourceTree = BUILT_PRODUCTS_DIR; };
		4DEAEC1A285CAD9B005A6D96 /* iChatUITests.swift */ = {isa = PBXFileReference; lastKnownFileType = sourcecode.swift; path = iChatUITests.swift; sourceTree = "<group>"; };
		4DEAEC1C285CAD9B005A6D96 /* iChatUITestsLaunchTests.swift */ = {isa = PBXFileReference; lastKnownFileType = sourcecode.swift; path = iChatUITestsLaunchTests.swift; sourceTree = "<group>"; };
/* End PBXFileReference section */

/* Begin PBXFrameworksBuildPhase section */
		4DEAEBF3285CAD99005A6D96 /* Frameworks */ = {
			isa = PBXFrameworksBuildPhase;
			buildActionMask = 2147483647;
			files = (
			);
			runOnlyForDeploymentPostprocessing = 0;
		};
		4DEAEC09285CAD9B005A6D96 /* Frameworks */ = {
			isa = PBXFrameworksBuildPhase;
			buildActionMask = 2147483647;
			files = (
			);
			runOnlyForDeploymentPostprocessing = 0;
		};
		4DEAEC13285CAD9B005A6D96 /* Frameworks */ = {
			isa = PBXFrameworksBuildPhase;
			buildActionMask = 2147483647;
			files = (
			);
			runOnlyForDeploymentPostprocessing = 0;
		};
/* End PBXFrameworksBuildPhase section */

/* Begin PBXGroup section */
		4DEAEBED285CAD99005A6D96 = {
			isa = PBXGroup;
			children = (
				4DEAEBF8285CAD99005A6D96 /* iChat */,
				4DEAEC0F285CAD9B005A6D96 /* iChatTests */,
				4DEAEC19285CAD9B005A6D96 /* iChatUITests */,
				4DEAEBF7285CAD99005A6D96 /* Products */,
			);
			sourceTree = "<group>";
		};
		4DEAEBF7285CAD99005A6D96 /* Products */ = {
			isa = PBXGroup;
			children = (
				4DEAEBF6285CAD99005A6D96 /* iChat.app */,
				4DEAEC0C285CAD9B005A6D96 /* iChatTests.xctest */,
				4DEAEC16285CAD9B005A6D96 /* iChatUITests.xctest */,
			);
			name = Products;
			sourceTree = "<group>";
		};
		4DEAEBF8285CAD99005A6D96 /* iChat */ = {
			isa = PBXGroup;
			children = (
				4DEAEBF9285CAD99005A6D96 /* AppDelegate.swift */,
				4DEAEBFB285CAD99005A6D96 /* SceneDelegate.swift */,
				4DEAEBFD285CAD99005A6D96 /* ViewController.swift */,
				4DEAEBFF285CAD99005A6D96 /* Main.storyboard */,
				4DEAEC02285CAD9B005A6D96 /* Assets.xcassets */,
				4DEAEC04285CAD9B005A6D96 /* LaunchScreen.storyboard */,
				4DEAEC07285CAD9B005A6D96 /* Info.plist */,
			);
			path = iChat;
			sourceTree = "<group>";
		};
		4DEAEC0F285CAD9B005A6D96 /* iChatTests */ = {
			isa = PBXGroup;
			children = (
				4DEAEC10285CAD9B005A6D96 /* iChatTests.swift */,
			);
			path = iChatTests;
			sourceTree = "<group>";
		};
		4DEAEC19285CAD9B005A6D96 /* iChatUITests */ = {
			isa = PBXGroup;
			children = (
				4DEAEC1A285CAD9B005A6D96 /* iChatUITests.swift */,
				4DEAEC1C285CAD9B005A6D96 /* iChatUITestsLaunchTests.swift */,
			);
			path = iChatUITests;
			sourceTree = "<group>";
		};
/* End PBXGroup section */

/* Begin PBXNativeTarget section */
		4DEAEBF5285CAD99005A6D96 /* iChat */ = {
			isa = PBXNativeTarget;
			buildConfigurationList = 4DEAEC20285CAD9C005A6D96 /* Build configuration list for PBXNativeTarget "iChat" */;
			buildPhases = (
				4DEAEBF2285CAD99005A6D96 /* Sources */,
				4DEAEBF3285CAD99005A6D96 /* Frameworks */,
				4DEAEBF4285CAD99005A6D96 /* Resources */,
			);
			buildRules = (
			);
			dependencies = (
			);
			name = iChat;
			productName = iChat;
			productReference = 4DEAEBF6285CAD99005A6D96 /* iChat.app */;
			productType = "com.apple.product-type.application";
		};
		4DEAEC0B285CAD9B005A6D96 /* iChatTests */ = {
			isa = PBXNativeTarget;
			buildConfigurationList = 4DEAEC23285CAD9C005A6D96 /* Build configuration list for PBXNativeTarget "iChatTests" */;
			buildPhases = (
				4DEAEC08285CAD9B005A6D96 /* Sources */,
				4DEAEC09285CAD9B005A6D96 /* Frameworks */,
				4DEAEC0A285CAD9B005A6D96 /* Resources */,
			);
			buildRules = (
			);
			dependencies = (
				4DEAEC0E285CAD9B005A6D96 /* PBXTargetDependency */,
			);
			name = iChatTests;
			productName = iChatTests;
			productReference = 4DEAEC0C285CAD9B005A6D96 /* iChatTests.xctest */;
			productType = "com.apple.product-type.bundle.unit-test";
		};
		4DEAEC15285CAD9B005A6D96 /* iChatUITests */ = {
			isa = PBXNativeTarget;
			buildConfigurationList = 4DEAEC26285CAD9C005A6D96 /* Build configuration list for PBXNativeTarget "iChatUITests" */;
			buildPhases = (
				4DEAEC12285CAD9B005A6D96 /* Sources */,
				4DEAEC13285CAD9B005A6D96 /* Frameworks */,
				4DEAEC14285CAD9B005A6D96 /* Resources */,
			);
			buildRules = (
			);
			dependencies = (
				4DEAEC18285CAD9B005A6D96 /* PBXTargetDependency */,
			);
			name = iChatUITests;
			productName = iChatUITests;
			productReference = 4DEAEC16285CAD9B005A6D96 /* iChatUITests.xctest */;
			productType = "com.apple.product-type.bundle.ui-testing";
		};
/* End PBXNativeTarget section */

/* Begin PBXProject section */
		4DEAEBEE285CAD99005A6D96 /* Project object */ = {
			isa = PBXProject;
			attributes = {
				BuildIndependentTargetsInParallel = 1;
				LastSwiftUpdateCheck = 1330;
				LastUpgradeCheck = 1330;
				TargetAttributes = {
					4DEAEBF5285CAD99005A6D96 = {
						CreatedOnToolsVersion = 13.3;
					};
					4DEAEC0B285CAD9B005A6D96 = {
						CreatedOnToolsVersion = 13.3;
						TestTargetID = 4DEAEBF5285CAD99005A6D96;
					};
					4DEAEC15285CAD9B005A6D96 = {
						CreatedOnToolsVersion = 13.3;
						TestTargetID = 4DEAEBF5285CAD99005A6D96;
					};
				};
			};
			buildConfigurationList = 4DEAEBF1285CAD99005A6D96 /* Build configuration list for PBXProject "iChat" */;
			compatibilityVersion = "Xcode 13.0";
			developmentRegion = en;
			hasScannedForEncodings = 0;
			knownRegions = (
				en,
				Base,
			);
			mainGroup = 4DEAEBED285CAD99005A6D96;
			productRefGroup = 4DEAEBF7285CAD99005A6D96 /* Products */;
			projectDirPath = "";
			projectRoot = "";
			targets = (
				4DEAEBF5285CAD99005A6D96 /* iChat */,
				4DEAEC0B285CAD9B005A6D96 /* iChatTests */,
				4DEAEC15285CAD9B005A6D96 /* iChatUITests */,
			);
		};
/* End PBXProject section */

/* Begin PBXResourcesBuildPhase section */
		4DEAEBF4285CAD99005A6D96 /* Resources */ = {
			isa = PBXResourcesBuildPhase;
			buildActionMask = 2147483647;
			files = (
				4DEAEC06285CAD9B005A6D96 /* LaunchScreen.storyboard in Resources */,
				4DEAEC03285CAD9B005A6D96 /* Assets.xcassets in Resources */,
				4DEAEC01285CAD99005A6D96 /* Main.storyboard in Resources */,
			);
			runOnlyForDeploymentPostprocessing = 0;
		};
		4DEAEC0A285CAD9B005A6D96 /* Resources */ = {
			isa = PBXResourcesBuildPhase;
			buildActionMask = 2147483647;
			files = (
			);
			runOnlyForDeploymentPostprocessing = 0;
		};
		4DEAEC14285CAD9B005A6D96 /* Resources */ = {
			isa = PBXResourcesBuildPhase;
			buildActionMask = 2147483647;
			files = (
			);
			runOnlyForDeploymentPostprocessing = 0;
		};
/* End PBXResourcesBuildPhase section */

/* Begin PBXSourcesBuildPhase section */
		4DEAEBF2285CAD99005A6D96 /* Sources */ = {
			isa = PBXSourcesBuildPhase;
			buildActionMask = 2147483647;
			files = (
				4DEAEBFE285CAD99005A6D96 /* ViewController.swift in Sources */,
				4DEAEBFA285CAD99005A6D96 /* AppDelegate.swift in Sources */,
				4DEAEBFC285CAD99005A6D96 /* SceneDelegate.swift in Sources */,
			);
			runOnlyForDeploymentPostprocessing = 0;
		};
		4DEAEC08285CAD9B005A6D96 /* Sources */ = {
			isa = PBXSourcesBuildPhase;
			buildActionMask = 2147483647;
			files = (
				4DEAEC11285CAD9B005A6D96 /* iChatTests.swift in Sources */,
			);
			runOnlyForDeploymentPostprocessing = 0;
		};
		4DEAEC12285CAD9B005A6D96 /* Sources */ = {
			isa = PBXSourcesBuildPhase;
			buildActionMask = 2147483647;
			files = (
				4DEAEC1D285CAD9B005A6D96 /* iChatUITestsLaunchTests.swift in Sources */,
				4DEAEC1B285CAD9B005A6D96 /* iChatUITests.swift in Sources */,
			);
			runOnlyForDeploymentPostprocessing = 0;
		};
/* End PBXSourcesBuildPhase section */

/* Begin PBXTargetDependency section */
		4DEAEC0E285CAD9B005A6D96 /* PBXTargetDependency */ = {
			isa = PBXTargetDependency;
			target = 4DEAEBF5285CAD99005A6D96 /* iChat */;
			targetProxy = 4DEAEC0D285CAD9B005A6D96 /* PBXContainerItemProxy */;
		};
		4DEAEC18285CAD9B005A6D96 /* PBXTargetDependency */ = {
			isa = PBXTargetDependency;
			target = 4DEAEBF5285CAD99005A6D96 /* iChat */;
			targetProxy = 4DEAEC17285CAD9B005A6D96 /* PBXContainerItemProxy */;
		};
/* End PBXTargetDependency section */

/* Begin PBXVariantGroup section */
		4DEAEBFF285CAD99005A6D96 /* Main.storyboard */ = {
			isa = PBXVariantGroup;
			children = (
				4DEAEC00285CAD99005A6D96 /* Base */,
			);
			name = Main.storyboard;
			sourceTree = "<group>";
		};
		4DEAEC04285CAD9B005A6D96 /* LaunchScreen.storyboard */ = {
			isa = PBXVariantGroup;
			children = (
				4DEAEC05285CAD9B005A6D96 /* Base */,
			);
			name = LaunchScreen.storyboard;
			sourceTree = "<group>";
		};
/* End PBXVariantGroup section */

/* Begin XCBuildConfiguration section */
		4DEAEC1E285CAD9B005A6D96 /* Debug */ = {
			isa = XCBuildConfiguration;
			buildSettings = {
				ALWAYS_SEARCH_USER_PATHS = NO;
				CLANG_ANALYZER_NONNULL = YES;
				CLANG_ANALYZER_NUMBER_OBJECT_CONVERSION = YES_AGGRESSIVE;
				CLANG_CXX_LANGUAGE_STANDARD = "gnu++17";
				CLANG_ENABLE_MODULES = YES;
				CLANG_ENABLE_OBJC_ARC = YES;
				CLANG_ENABLE_OBJC_WEAK = YES;
				CLANG_WARN_BLOCK_CAPTURE_AUTORELEASING = YES;
				CLANG_WARN_BOOL_CONVERSION = YES;
				CLANG_WARN_COMMA = YES;
				CLANG_WARN_CONSTANT_CONVERSION = YES;
				CLANG_WARN_DEPRECATED_OBJC_IMPLEMENTATIONS = YES;
				CLANG_WARN_DIRECT_OBJC_ISA_USAGE = YES_ERROR;
				CLANG_WARN_DOCUMENTATION_COMMENTS = YES;
				CLANG_WARN_EMPTY_BODY = YES;
				CLANG_WARN_ENUM_CONVERSION = YES;
				CLANG_WARN_INFINITE_RECURSION = YES;
				CLANG_WARN_INT_CONVERSION = YES;
				CLANG_WARN_NON_LITERAL_NULL_CONVERSION = YES;
				CLANG_WARN_OBJC_IMPLICIT_RETAIN_SELF = YES;
				CLANG_WARN_OBJC_LITERAL_CONVERSION = YES;
				CLANG_WARN_OBJC_ROOT_CLASS = YES_ERROR;
				CLANG_WARN_QUOTED_INCLUDE_IN_FRAMEWORK_HEADER = YES;
				CLANG_WARN_RANGE_LOOP_ANALYSIS = YES;
				CLANG_WARN_STRICT_PROTOTYPES = YES;
				CLANG_WARN_SUSPICIOUS_MOVE = YES;
				CLANG_WARN_UNGUARDED_AVAILABILITY = YES_AGGRESSIVE;
				CLANG_WARN_UNREACHABLE_CODE = YES;
				CLANG_WARN__DUPLICATE_METHOD_MATCH = YES;
				COPY_PHASE_STRIP = NO;
				DEBUG_INFORMATION_FORMAT = dwarf;
				ENABLE_STRICT_OBJC_MSGSEND = YES;
				ENABLE_TESTABILITY = YES;
				GCC_C_LANGUAGE_STANDARD = gnu11;
				GCC_DYNAMIC_NO_PIC = NO;
				GCC_NO_COMMON_BLOCKS = YES;
				GCC_OPTIMIZATION_LEVEL = 0;
				GCC_PREPROCESSOR_DEFINITIONS = (
					"DEBUG=1",
					"$(inherited)",
				);
				GCC_WARN_64_TO_32_BIT_CONVERSION = YES;
				GCC_WARN_ABOUT_RETURN_TYPE = YES_ERROR;
				GCC_WARN_UNDECLARED_SELECTOR = YES;
				GCC_WARN_UNINITIALIZED_AUTOS = YES_AGGRESSIVE;
				GCC_WARN_UNUSED_FUNCTION = YES;
				GCC_WARN_UNUSED_VARIABLE = YES;
				IPHONEOS_DEPLOYMENT_TARGET = 15.4;
				MTL_ENABLE_DEBUG_INFO = INCLUDE_SOURCE;
				MTL_FAST_MATH = YES;
				ONLY_ACTIVE_ARCH = YES;
				SDKROOT = iphoneos;
				SWIFT_ACTIVE_COMPILATION_CONDITIONS = DEBUG;
				SWIFT_OPTIMIZATION_LEVEL = "-Onone";
			};
			name = Debug;
		};
		4DEAEC1F285CAD9B005A6D96 /* Release */ = {
			isa = XCBuildConfiguration;
			buildSettings = {
				ALWAYS_SEARCH_USER_PATHS = NO;
				CLANG_ANALYZER_NONNULL = YES;
				CLANG_ANALYZER_NUMBER_OBJECT_CONVERSION = YES_AGGRESSIVE;
				CLANG_CXX_LANGUAGE_STANDARD = "gnu++17";
				CLANG_ENABLE_MODULES = YES;
				CLANG_ENABLE_OBJC_ARC = YES;
				CLANG_ENABLE_OBJC_WEAK = YES;
				CLANG_WARN_BLOCK_CAPTURE_AUTORELEASING = YES;
				CLANG_WARN_BOOL_CONVERSION = YES;
				CLANG_WARN_COMMA = YES;
				CLANG_WARN_CONSTANT_CONVERSION = YES;
				CLANG_WARN_DEPRECATED_OBJC_IMPLEMENTATIONS = YES;
				CLANG_WARN_DIRECT_OBJC_ISA_USAGE = YES_ERROR;
				CLANG_WARN_DOCUMENTATION_COMMENTS = YES;
				CLANG_WARN_EMPTY_BODY = YES;
				CLANG_WARN_ENUM_CONVERSION = YES;
				CLANG_WARN_INFINITE_RECURSION = YES;
				CLANG_WARN_INT_CONVERSION = YES;
				CLANG_WARN_NON_LITERAL_NULL_CONVERSION = YES;
				CLANG_WARN_OBJC_IMPLICIT_RETAIN_SELF = YES;
				CLANG_WARN_OBJC_LITERAL_CONVERSION = YES;
				CLANG_WARN_OBJC_ROOT_CLASS = YES_ERROR;
				CLANG_WARN_QUOTED_INCLUDE_IN_FRAMEWORK_HEADER = YES;
				CLANG_WARN_RANGE_LOOP_ANALYSIS = YES;
				CLANG_WARN_STRICT_PROTOTYPES = YES;
				CLANG_WARN_SUSPICIOUS_MOVE = YES;
				CLANG_WARN_UNGUARDED_AVAILABILITY = YES_AGGRESSIVE;
				CLANG_WARN_UNREACHABLE_CODE = YES;
				CLANG_WARN__DUPLICATE_METHOD_MATCH = YES;
				COPY_PHASE_STRIP = NO;
				DEBUG_INFORMATION_FORMAT = "dwarf-with-dsym";
				ENABLE_NS_ASSERTIONS = NO;
				ENABLE_STRICT_OBJC_MSGSEND = YES;
				GCC_C_LANGUAGE_STANDARD = gnu11;
				GCC_NO_COMMON_BLOCKS = YES;
				GCC_WARN_64_TO_32_BIT_CONVERSION = YES;
				GCC_WARN_ABOUT_RETURN_TYPE = YES_ERROR;
				GCC_WARN_UNDECLARED_SELECTOR = YES;
				GCC_WARN_UNINITIALIZED_AUTOS = YES_AGGRESSIVE;
				GCC_WARN_UNUSED_FUNCTION = YES;
				GCC_WARN_UNUSED_VARIABLE = YES;
				IPHONEOS_DEPLOYMENT_TARGET = 15.4;
				MTL_ENABLE_DEBUG_INFO = NO;
				MTL_FAST_MATH = YES;
				SDKROOT = iphoneos;
				SWIFT_COMPILATION_MODE = wholemodule;
				SWIFT_OPTIMIZATION_LEVEL = "-O";
				VALIDATE_PRODUCT = YES;
			};
			name = Release;
		};
		4DEAEC21285CAD9C005A6D96 /* Debug */ = {
			isa = XCBuildConfiguration;
			buildSettings = {
				ASSETCATALOG_COMPILER_APPICON_NAME = AppIcon;
				ASSETCATALOG_COMPILER_GLOBAL_ACCENT_COLOR_NAME = AccentColor;
				CODE_SIGN_STYLE = Automatic;
				CURRENT_PROJECT_VERSION = 1;
				DEVELOPMENT_TEAM = LPK43453JL;
				GENERATE_INFOPLIST_FILE = YES;
				INFOPLIST_FILE = iChat/Info.plist;
				INFOPLIST_KEY_UIApplicationSupportsIndirectInputEvents = YES;
				INFOPLIST_KEY_UILaunchStoryboardName = LaunchScreen;
				INFOPLIST_KEY_UIMainStoryboardFile = Main;
				INFOPLIST_KEY_UISupportedInterfaceOrientations_iPad = "UIInterfaceOrientationPortrait UIInterfaceOrientationPortraitUpsideDown UIInterfaceOrientationLandscapeLeft UIInterfaceOrientationLandscapeRight";
				INFOPLIST_KEY_UISupportedInterfaceOrientations_iPhone = "UIInterfaceOrientationPortrait UIInterfaceOrientationLandscapeLeft UIInterfaceOrientationLandscapeRight";
				LD_RUNPATH_SEARCH_PATHS = (
					"$(inherited)",
					"@executable_path/Frameworks",
				);
				MARKETING_VERSION = 1.0;
				PRODUCT_BUNDLE_IDENTIFIER = ru.real.iChat;
				PRODUCT_NAME = "$(TARGET_NAME)";
				SWIFT_EMIT_LOC_STRINGS = YES;
				SWIFT_VERSION = 5.0;
				TARGETED_DEVICE_FAMILY = "1,2";
			};
			name = Debug;
		};
		4DEAEC22285CAD9C005A6D96 /* Release */ = {
			isa = XCBuildConfiguration;
			buildSettings = {
				ASSETCATALOG_COMPILER_APPICON_NAME = AppIcon;
				ASSETCATALOG_COMPILER_GLOBAL_ACCENT_COLOR_NAME = AccentColor;
				CODE_SIGN_STYLE = Automatic;
				CURRENT_PROJECT_VERSION = 1;
				DEVELOPMENT_TEAM = LPK43453JL;
				GENERATE_INFOPLIST_FILE = YES;
				INFOPLIST_FILE = iChat/Info.plist;
				INFOPLIST_KEY_UIApplicationSupportsIndirectInputEvents = YES;
				INFOPLIST_KEY_UILaunchStoryboardName = LaunchScreen;
				INFOPLIST_KEY_UIMainStoryboardFile = Main;
				INFOPLIST_KEY_UISupportedInterfaceOrientations_iPad = "UIInterfaceOrientationPortrait UIInterfaceOrientationPortraitUpsideDown UIInterfaceOrientationLandscapeLeft UIInterfaceOrientationLandscapeRight";
				INFOPLIST_KEY_UISupportedInterfaceOrientations_iPhone = "UIInterfaceOrientationPortrait UIInterfaceOrientationLandscapeLeft UIInterfaceOrientationLandscapeRight";
				LD_RUNPATH_SEARCH_PATHS = (
					"$(inherited)",
					"@executable_path/Frameworks",
				);
				MARKETING_VERSION = 1.0;
				PRODUCT_BUNDLE_IDENTIFIER = ru.real.iChat;
				PRODUCT_NAME = "$(TARGET_NAME)";
				SWIFT_EMIT_LOC_STRINGS = YES;
				SWIFT_VERSION = 5.0;
				TARGETED_DEVICE_FAMILY = "1,2";
			};
			name = Release;
		};
		4DEAEC24285CAD9C005A6D96 /* Debug */ = {
			isa = XCBuildConfiguration;
			buildSettings = {
				ALWAYS_EMBED_SWIFT_STANDARD_LIBRARIES = YES;
				BUNDLE_LOADER = "$(TEST_HOST)";
				CODE_SIGN_STYLE = Automatic;
				CURRENT_PROJECT_VERSION = 1;
				DEVELOPMENT_TEAM = LPK43453JL;
				GENERATE_INFOPLIST_FILE = YES;
				IPHONEOS_DEPLOYMENT_TARGET = 15.4;
				MARKETING_VERSION = 1.0;
				PRODUCT_BUNDLE_IDENTIFIER = ru.real.iChatTests;
				PRODUCT_NAME = "$(TARGET_NAME)";
				SWIFT_EMIT_LOC_STRINGS = NO;
				SWIFT_VERSION = 5.0;
				TARGETED_DEVICE_FAMILY = "1,2";
				TEST_HOST = "$(BUILT_PRODUCTS_DIR)/iChat.app/iChat";
			};
			name = Debug;
		};
		4DEAEC25285CAD9C005A6D96 /* Release */ = {
			isa = XCBuildConfiguration;
			buildSettings = {
				ALWAYS_EMBED_SWIFT_STANDARD_LIBRARIES = YES;
				BUNDLE_LOADER = "$(TEST_HOST)";
				CODE_SIGN_STYLE = Automatic;
				CURRENT_PROJECT_VERSION = 1;
				DEVELOPMENT_TEAM = LPK43453JL;
				GENERATE_INFOPLIST_FILE = YES;
				IPHONEOS_DEPLOYMENT_TARGET = 15.4;
				MARKETING_VERSION = 1.0;
				PRODUCT_BUNDLE_IDENTIFIER = ru.real.iChatTests;
				PRODUCT_NAME = "$(TARGET_NAME)";
				SWIFT_EMIT_LOC_STRINGS = NO;
				SWIFT_VERSION = 5.0;
				TARGETED_DEVICE_FAMILY = "1,2";
				TEST_HOST = "$(BUILT_PRODUCTS_DIR)/iChat.app/iChat";
			};
			name = Release;
		};
		4DEAEC27285CAD9C005A6D96 /* Debug */ = {
			isa = XCBuildConfiguration;
			buildSettings = {
				ALWAYS_EMBED_SWIFT_STANDARD_LIBRARIES = YES;
				CODE_SIGN_STYLE = Automatic;
				CURRENT_PROJECT_VERSION = 1;
				DEVELOPMENT_TEAM = LPK43453JL;
				GENERATE_INFOPLIST_FILE = YES;
				MARKETING_VERSION = 1.0;
				PRODUCT_BUNDLE_IDENTIFIER = ru.real.iChatUITests;
				PRODUCT_NAME = "$(TARGET_NAME)";
				SWIFT_EMIT_LOC_STRINGS = NO;
				SWIFT_VERSION = 5.0;
				TARGETED_DEVICE_FAMILY = "1,2";
				TEST_TARGET_NAME = iChat;
			};
			name = Debug;
		};
		4DEAEC28285CAD9C005A6D96 /* Release */ = {
			isa = XCBuildConfiguration;
			buildSettings = {
				ALWAYS_EMBED_SWIFT_STANDARD_LIBRARIES = YES;
				CODE_SIGN_STYLE = Automatic;
				CURRENT_PROJECT_VERSION = 1;
				DEVELOPMENT_TEAM = LPK43453JL;
				GENERATE_INFOPLIST_FILE = YES;
				MARKETING_VERSION = 1.0;
				PRODUCT_BUNDLE_IDENTIFIER = ru.real.iChatUITests;
				PRODUCT_NAME = "$(TARGET_NAME)";
				SWIFT_EMIT_LOC_STRINGS = NO;
				SWIFT_VERSION = 5.0;
				TARGETED_DEVICE_FAMILY = "1,2";
				TEST_TARGET_NAME = iChat;
			};
			name = Release;
		};
/* End XCBuildConfiguration section */

/* Begin XCConfigurationList section */
		4DEAEBF1285CAD99005A6D96 /* Build configuration list for PBXProject "iChat" */ = {
			isa = XCConfigurationList;
			buildConfigurations = (
				4DEAEC1E285CAD9B005A6D96 /* Debug */,
				4DEAEC1F285CAD9B005A6D96 /* Release */,
			);
			defaultConfigurationIsVisible = 0;
			defaultConfigurationName = Release;
		};
		4DEAEC20285CAD9C005A6D96 /* Build configuration list for PBXNativeTarget "iChat" */ = {
			isa = XCConfigurationList;
			buildConfigurations = (
				4DEAEC21285CAD9C005A6D96 /* Debug */,
				4DEAEC22285CAD9C005A6D96 /* Release */,
			);
			defaultConfigurationIsVisible = 0;
			defaultConfigurationName = Release;
		};
		4DEAEC23285CAD9C005A6D96 /* Build configuration list for PBXNativeTarget "iChatTests" */ = {
			isa = XCConfigurationList;
			buildConfigurations = (
				4DEAEC24285CAD9C005A6D96 /* Debug */,
				4DEAEC25285CAD9C005A6D96 /* Release */,
			);
			defaultConfigurationIsVisible = 0;
			defaultConfigurationName = Release;
		};
		4DEAEC26285CAD9C005A6D96 /* Build configuration list for PBXNativeTarget "iChatUITests" */ = {
			isa = XCConfigurationList;
			buildConfigurations = (
				4DEAEC27285CAD9C005A6D96 /* Debug */,
				4DEAEC28285CAD9C005A6D96 /* Release */,
			);
			defaultConfigurationIsVisible = 0;
			defaultConfigurationName = Release;
		};
/* End XCConfigurationList section */
	};
	rootObject = 4DEAEBEE285CAD99005A6D96 /* Project object */;
}
